// !$*UTF8*$!
{
	archiveVersion = 1;
	classes = {
	};
	objectVersion = 50;
	objects = {

/* Begin PBXBuildFile section */
		B1019E4722D61C7A002FA111 /* jsonmaker.cpp in Sources */ = {isa = PBXBuildFile; fileRef = B1019E4522D61C7A002FA111 /* jsonmaker.cpp */; };
		B1019E4A22D6A6F0002FA111 /* jsonengine.cpp in Sources */ = {isa = PBXBuildFile; fileRef = B1019E4822D6A6F0002FA111 /* jsonengine.cpp */; };
		B1A7050322C62DE100013B1C /* chess.cpp in Sources */ = {isa = PBXBuildFile; fileRef = B1A704D922C62DE100013B1C /* chess.cpp */; };
		B1A7050422C62DE100013B1C /* base.cpp in Sources */ = {isa = PBXBuildFile; fileRef = B1A704DC22C62DE100013B1C /* base.cpp */; };
		B1A7050522C62DE100013B1C /* comm.cpp in Sources */ = {isa = PBXBuildFile; fileRef = B1A704DD22C62DE100013B1C /* comm.cpp */; };
		B1A7050622C62DE100013B1C /* tourmng.cpp in Sources */ = {isa = PBXBuildFile; fileRef = B1A704E522C62DE100013B1C /* tourmng.cpp */; };
		B1A7050722C62DE100013B1C /* player.cpp in Sources */ = {isa = PBXBuildFile; fileRef = B1A704E622C62DE100013B1C /* player.cpp */; };
		B1A7050822C62DE100013B1C /* uciengine.cpp in Sources */ = {isa = PBXBuildFile; fileRef = B1A704E922C62DE100013B1C /* uciengine.cpp */; };
		B1A7050A22C62DE100013B1C /* playermng.cpp in Sources */ = {isa = PBXBuildFile; fileRef = B1A704ED22C62DE100013B1C /* playermng.cpp */; };
		B1A7050B22C62DE100013B1C /* configmng.cpp in Sources */ = {isa = PBXBuildFile; fileRef = B1A704EE22C62DE100013B1C /* configmng.cpp */; };
		B1A7050C22C62DE100013B1C /* engine.cpp in Sources */ = {isa = PBXBuildFile; fileRef = B1A704EF22C62DE100013B1C /* engine.cpp */; };
		B1A7050D22C62DE100013B1C /* game.cpp in Sources */ = {isa = PBXBuildFile; fileRef = B1A704F022C62DE100013B1C /* game.cpp */; };
		B1A7050E22C62DE100013B1C /* time.cpp in Sources */ = {isa = PBXBuildFile; fileRef = B1A704F122C62DE100013B1C /* time.cpp */; };
		B1A7050F22C62DE100013B1C /* jsoncpp.cpp in Sources */ = {isa = PBXBuildFile; fileRef = B1A704FA22C62DE100013B1C /* jsoncpp.cpp */; };
		B1A7051322C62DE100013B1C /* main.cpp in Sources */ = {isa = PBXBuildFile; fileRef = B1A7050222C62DE100013B1C /* main.cpp */; };
		B1A7051C22C84E4900013B1C /* process_unix.cpp in Sources */ = {isa = PBXBuildFile; fileRef = B1A7051822C84E4900013B1C /* process_unix.cpp */; };
		B1A7051D22C84E4900013B1C /* process.cpp in Sources */ = {isa = PBXBuildFile; fileRef = B1A7051922C84E4900013B1C /* process.cpp */; };
		B1A7053D22C9ADA400013B1C /* book.cpp in Sources */ = {isa = PBXBuildFile; fileRef = B1A7053B22C9ADA400013B1C /* book.cpp */; };
		B1B5FA9E22E369D700767119 /* engineprofile.cpp in Sources */ = {isa = PBXBuildFile; fileRef = B1B5FA9D22E369D700767119 /* engineprofile.cpp */; };
		B1F9B07722CBB26E005E1A3E /* wbengine.cpp in Sources */ = {isa = PBXBuildFile; fileRef = B1F9B07522CBB26E005E1A3E /* wbengine.cpp */; };
/* End PBXBuildFile section */

/* Begin PBXCopyFilesBuildPhase section */
		B1E0A98722BFC8B20023122C /* CopyFiles */ = {
			isa = PBXCopyFilesBuildPhase;
			buildActionMask = 2147483647;
			dstPath = /usr/share/man/man1/;
			dstSubfolderSpec = 0;
			files = (
			);
			runOnlyForDeploymentPostprocessing = 1;
		};
/* End PBXCopyFilesBuildPhase section */

/* Begin PBXFileReference section */
		B1019E4522D61C7A002FA111 /* jsonmaker.cpp */ = {isa = PBXFileReference; lastKnownFileType = sourcecode.cpp.cpp; path = jsonmaker.cpp; sourceTree = "<group>"; };
		B1019E4622D61C7A002FA111 /* jsonmaker.h */ = {isa = PBXFileReference; lastKnownFileType = sourcecode.c.h; path = jsonmaker.h; sourceTree = "<group>"; };
		B1019E4822D6A6F0002FA111 /* jsonengine.cpp */ = {isa = PBXFileReference; lastKnownFileType = sourcecode.cpp.cpp; path = jsonengine.cpp; sourceTree = "<group>"; };
		B1019E4922D6A6F0002FA111 /* jsonengine.h */ = {isa = PBXFileReference; lastKnownFileType = sourcecode.c.h; path = jsonengine.h; sourceTree = "<group>"; };
		B10BFED322E92B4000116CEF /* CMakeLists.txt */ = {isa = PBXFileReference; fileEncoding = 4; lastKnownFileType = text; path = CMakeLists.txt; sourceTree = "<group>"; };
		B10E66C722E5D09000AEC1F6 /* eco.pgn */ = {isa = PBXFileReference; fileEncoding = 4; lastKnownFileType = text; name = eco.pgn; path = ../data/eco.pgn; sourceTree = "<group>"; };
		B1A704D822C62DE100013B1C /* chess.h */ = {isa = PBXFileReference; fileEncoding = 4; lastKnownFileType = sourcecode.c.h; path = chess.h; sourceTree = "<group>"; };
		B1A704D922C62DE100013B1C /* chess.cpp */ = {isa = PBXFileReference; fileEncoding = 4; lastKnownFileType = sourcecode.cpp.cpp; path = chess.cpp; sourceTree = "<group>"; };
		B1A704DB22C62DE100013B1C /* comm.h */ = {isa = PBXFileReference; fileEncoding = 4; lastKnownFileType = sourcecode.c.h; path = comm.h; sourceTree = "<group>"; };
		B1A704DC22C62DE100013B1C /* base.cpp */ = {isa = PBXFileReference; fileEncoding = 4; lastKnownFileType = sourcecode.cpp.cpp; path = base.cpp; sourceTree = "<group>"; };
		B1A704DD22C62DE100013B1C /* comm.cpp */ = {isa = PBXFileReference; fileEncoding = 4; lastKnownFileType = sourcecode.cpp.cpp; path = comm.cpp; sourceTree = "<group>"; };
		B1A704DE22C62DE100013B1C /* base.h */ = {isa = PBXFileReference; fileEncoding = 4; lastKnownFileType = sourcecode.c.h; path = base.h; sourceTree = "<group>"; };
		B1A704E022C62DE100013B1C /* time.h */ = {isa = PBXFileReference; fileEncoding = 4; lastKnownFileType = sourcecode.c.h; path = time.h; sourceTree = "<group>"; };
		B1A704E122C62DE100013B1C /* playermng.h */ = {isa = PBXFileReference; fileEncoding = 4; lastKnownFileType = sourcecode.c.h; path = playermng.h; sourceTree = "<group>"; };
		B1A704E222C62DE100013B1C /* tourmng.h */ = {isa = PBXFileReference; fileEncoding = 4; lastKnownFileType = sourcecode.c.h; path = tourmng.h; sourceTree = "<group>"; };
		B1A704E322C62DE100013B1C /* engine.h */ = {isa = PBXFileReference; fileEncoding = 4; lastKnownFileType = sourcecode.c.h; path = engine.h; sourceTree = "<group>"; };
		B1A704E422C62DE100013B1C /* configmng.h */ = {isa = PBXFileReference; fileEncoding = 4; lastKnownFileType = sourcecode.c.h; path = configmng.h; sourceTree = "<group>"; };
		B1A704E522C62DE100013B1C /* tourmng.cpp */ = {isa = PBXFileReference; fileEncoding = 4; lastKnownFileType = sourcecode.cpp.cpp; path = tourmng.cpp; sourceTree = "<group>"; };
		B1A704E622C62DE100013B1C /* player.cpp */ = {isa = PBXFileReference; fileEncoding = 4; lastKnownFileType = sourcecode.cpp.cpp; path = player.cpp; sourceTree = "<group>"; };
		B1A704E722C62DE100013B1C /* uciengine.h */ = {isa = PBXFileReference; fileEncoding = 4; lastKnownFileType = sourcecode.c.h; path = uciengine.h; sourceTree = "<group>"; };
		B1A704E822C62DE100013B1C /* player.h */ = {isa = PBXFileReference; fileEncoding = 4; lastKnownFileType = sourcecode.c.h; path = player.h; sourceTree = "<group>"; };
		B1A704E922C62DE100013B1C /* uciengine.cpp */ = {isa = PBXFileReference; fileEncoding = 4; lastKnownFileType = sourcecode.cpp.cpp; path = uciengine.cpp; sourceTree = "<group>"; };
		B1A704EC22C62DE100013B1C /* game.h */ = {isa = PBXFileReference; fileEncoding = 4; lastKnownFileType = sourcecode.c.h; path = game.h; sourceTree = "<group>"; };
		B1A704ED22C62DE100013B1C /* playermng.cpp */ = {isa = PBXFileReference; fileEncoding = 4; lastKnownFileType = sourcecode.cpp.cpp; path = playermng.cpp; sourceTree = "<group>"; };
		B1A704EE22C62DE100013B1C /* configmng.cpp */ = {isa = PBXFileReference; fileEncoding = 4; lastKnownFileType = sourcecode.cpp.cpp; path = configmng.cpp; sourceTree = "<group>"; };
		B1A704EF22C62DE100013B1C /* engine.cpp */ = {isa = PBXFileReference; fileEncoding = 4; lastKnownFileType = sourcecode.cpp.cpp; path = engine.cpp; sourceTree = "<group>"; };
		B1A704F022C62DE100013B1C /* game.cpp */ = {isa = PBXFileReference; fileEncoding = 4; lastKnownFileType = sourcecode.cpp.cpp; path = game.cpp; sourceTree = "<group>"; };
		B1A704F122C62DE100013B1C /* time.cpp */ = {isa = PBXFileReference; fileEncoding = 4; lastKnownFileType = sourcecode.cpp.cpp; path = time.cpp; sourceTree = "<group>"; };
		B1A704F822C62DE100013B1C /* json-forwards.h */ = {isa = PBXFileReference; fileEncoding = 4; lastKnownFileType = sourcecode.c.h; path = "json-forwards.h"; sourceTree = "<group>"; };
		B1A704F922C62DE100013B1C /* json.h */ = {isa = PBXFileReference; fileEncoding = 4; lastKnownFileType = sourcecode.c.h; path = json.h; sourceTree = "<group>"; };
		B1A704FA22C62DE100013B1C /* jsoncpp.cpp */ = {isa = PBXFileReference; fileEncoding = 4; lastKnownFileType = sourcecode.cpp.cpp; path = jsoncpp.cpp; sourceTree = "<group>"; };
		B1A704FC22C62DE100013B1C /* cpptime.h */ = {isa = PBXFileReference; fileEncoding = 4; lastKnownFileType = sourcecode.c.h; path = cpptime.h; sourceTree = "<group>"; };
		B1A7050222C62DE100013B1C /* main.cpp */ = {isa = PBXFileReference; fileEncoding = 4; lastKnownFileType = sourcecode.cpp.cpp; path = main.cpp; sourceTree = "<group>"; };
		B1A7051422C7506400013B1C /* README.md */ = {isa = PBXFileReference; fileEncoding = 4; lastKnownFileType = net.daringfireball.markdown; name = README.md; path = ../README.md; sourceTree = "<group>"; };
		B1A7051822C84E4900013B1C /* process_unix.cpp */ = {isa = PBXFileReference; fileEncoding = 4; lastKnownFileType = sourcecode.cpp.cpp; path = process_unix.cpp; sourceTree = "<group>"; };
		B1A7051922C84E4900013B1C /* process.cpp */ = {isa = PBXFileReference; fileEncoding = 4; lastKnownFileType = sourcecode.cpp.cpp; path = process.cpp; sourceTree = "<group>"; };
		B1A7051B22C84E4900013B1C /* process.hpp */ = {isa = PBXFileReference; fileEncoding = 4; lastKnownFileType = sourcecode.cpp.h; path = process.hpp; sourceTree = "<group>"; };
		B1A7053922C96C4000013B1C /* engines.json */ = {isa = PBXFileReference; fileEncoding = 4; lastKnownFileType = text.json; name = engines.json; path = ../engines.json; sourceTree = "<group>"; };
		B1A7053A22C96C4000013B1C /* tour.json */ = {isa = PBXFileReference; fileEncoding = 4; lastKnownFileType = text.json; name = tour.json; path = ../tour.json; sourceTree = "<group>"; };
		B1A7053B22C9ADA400013B1C /* book.cpp */ = {isa = PBXFileReference; lastKnownFileType = sourcecode.cpp.cpp; path = book.cpp; sourceTree = "<group>"; };
		B1A7053C22C9ADA400013B1C /* book.h */ = {isa = PBXFileReference; lastKnownFileType = sourcecode.c.h; path = book.h; sourceTree = "<group>"; };
		B1B5FA9C22E369D700767119 /* engineprofile.h */ = {isa = PBXFileReference; fileEncoding = 4; lastKnownFileType = sourcecode.c.h; path = engineprofile.h; sourceTree = "<group>"; };
		B1B5FA9D22E369D700767119 /* engineprofile.cpp */ = {isa = PBXFileReference; fileEncoding = 4; lastKnownFileType = sourcecode.cpp.cpp; path = engineprofile.cpp; sourceTree = "<group>"; };
		B1E0A98922BFC8B20023122C /* Banksia */ = {isa = PBXFileReference; explicitFileType = "compiled.mach-o.executable"; includeInIndex = 0; path = Banksia; sourceTree = BUILT_PRODUCTS_DIR; };
		B1F9B07522CBB26E005E1A3E /* wbengine.cpp */ = {isa = PBXFileReference; lastKnownFileType = sourcecode.cpp.cpp; path = wbengine.cpp; sourceTree = "<group>"; };
		B1F9B07622CBB26E005E1A3E /* wbengine.h */ = {isa = PBXFileReference; lastKnownFileType = sourcecode.c.h; path = wbengine.h; sourceTree = "<group>"; };
/* End PBXFileReference section */

/* Begin PBXFrameworksBuildPhase section */
		B1E0A98622BFC8B20023122C /* Frameworks */ = {
			isa = PBXFrameworksBuildPhase;
			buildActionMask = 2147483647;
			files = (
			);
			runOnlyForDeploymentPostprocessing = 0;
		};
/* End PBXFrameworksBuildPhase section */

/* Begin PBXGroup section */
		B1A704D622C62DE100013B1C /* src */ = {
			isa = PBXGroup;
			children = (
				B1A704D722C62DE100013B1C /* chess */,
				B1A704DA22C62DE100013B1C /* base */,
				B1A704DF22C62DE100013B1C /* game */,
				B1A704F222C62DE100013B1C /* 3rdparty */,
				B1A7050222C62DE100013B1C /* main.cpp */,
			);
			name = src;
			path = ../src;
			sourceTree = "<group>";
		};
		B1A704D722C62DE100013B1C /* chess */ = {
			isa = PBXGroup;
			children = (
				B1A704D822C62DE100013B1C /* chess.h */,
				B1A704D922C62DE100013B1C /* chess.cpp */,
			);
			path = chess;
			sourceTree = "<group>";
		};
		B1A704DA22C62DE100013B1C /* base */ = {
			isa = PBXGroup;
			children = (
				B1A704DB22C62DE100013B1C /* comm.h */,
				B1A704DD22C62DE100013B1C /* comm.cpp */,
				B1A704DC22C62DE100013B1C /* base.cpp */,
				B1A704DE22C62DE100013B1C /* base.h */,
			);
			path = base;
			sourceTree = "<group>";
		};
		B1A704DF22C62DE100013B1C /* game */ = {
			isa = PBXGroup;
			children = (
				B10BFED322E92B4000116CEF /* CMakeLists.txt */,
				B1B5FA9D22E369D700767119 /* engineprofile.cpp */,
				B1B5FA9C22E369D700767119 /* engineprofile.h */,
				B1A704E022C62DE100013B1C /* time.h */,
				B1A704F122C62DE100013B1C /* time.cpp */,
				B1A704E422C62DE100013B1C /* configmng.h */,
				B1A704EE22C62DE100013B1C /* configmng.cpp */,
				B1A704E822C62DE100013B1C /* player.h */,
				B1A704E622C62DE100013B1C /* player.cpp */,
				B1A704E322C62DE100013B1C /* engine.h */,
				B1A704EF22C62DE100013B1C /* engine.cpp */,
				B1A704E722C62DE100013B1C /* uciengine.h */,
				B1A704E922C62DE100013B1C /* uciengine.cpp */,
				B1A704E122C62DE100013B1C /* playermng.h */,
				B1A704ED22C62DE100013B1C /* playermng.cpp */,
				B1A704EC22C62DE100013B1C /* game.h */,
				B1A704F022C62DE100013B1C /* game.cpp */,
				B1A704E222C62DE100013B1C /* tourmng.h */,
				B1A704E522C62DE100013B1C /* tourmng.cpp */,
				B1A7053C22C9ADA400013B1C /* book.h */,
				B1A7053B22C9ADA400013B1C /* book.cpp */,
				B1F9B07622CBB26E005E1A3E /* wbengine.h */,
				B1F9B07522CBB26E005E1A3E /* wbengine.cpp */,
				B1019E4522D61C7A002FA111 /* jsonmaker.cpp */,
				B1019E4622D61C7A002FA111 /* jsonmaker.h */,
				B1019E4822D6A6F0002FA111 /* jsonengine.cpp */,
				B1019E4922D6A6F0002FA111 /* jsonengine.h */,
			);
			path = game;
			sourceTree = "<group>";
		};
		B1A704F222C62DE100013B1C /* 3rdparty */ = {
			isa = PBXGroup;
			children = (
				B1A7051722C84E4900013B1C /* process */,
				B1A704F722C62DE100013B1C /* json */,
				B1A704FB22C62DE100013B1C /* cpptime */,
			);
			path = 3rdparty;
			sourceTree = "<group>";
		};
		B1A704F722C62DE100013B1C /* json */ = {
			isa = PBXGroup;
			children = (
				B1A704F822C62DE100013B1C /* json-forwards.h */,
				B1A704F922C62DE100013B1C /* json.h */,
				B1A704FA22C62DE100013B1C /* jsoncpp.cpp */,
			);
			path = json;
			sourceTree = "<group>";
		};
		B1A704FB22C62DE100013B1C /* cpptime */ = {
			isa = PBXGroup;
			children = (
				B1A704FC22C62DE100013B1C /* cpptime.h */,
			);
			path = cpptime;
			sourceTree = "<group>";
		};
		B1A7051722C84E4900013B1C /* process */ = {
			isa = PBXGroup;
			children = (
				B1A7051822C84E4900013B1C /* process_unix.cpp */,
				B1A7051922C84E4900013B1C /* process.cpp */,
				B1A7051B22C84E4900013B1C /* process.hpp */,
			);
			path = process;
			sourceTree = "<group>";
		};
		B1E0A98022BFC8B20023122C = {
			isa = PBXGroup;
			children = (
				B10E66C722E5D09000AEC1F6 /* eco.pgn */,
				B1A7053922C96C4000013B1C /* engines.json */,
				B1A7053A22C96C4000013B1C /* tour.json */,
				B1A7051422C7506400013B1C /* README.md */,
				B1A704D622C62DE100013B1C /* src */,
				B1E0A98A22BFC8B20023122C /* Products */,
			);
			sourceTree = "<group>";
		};
		B1E0A98A22BFC8B20023122C /* Products */ = {
			isa = PBXGroup;
			children = (
				B1E0A98922BFC8B20023122C /* Banksia */,
			);
			name = Products;
			sourceTree = "<group>";
		};
/* End PBXGroup section */

/* Begin PBXNativeTarget section */
		B1E0A98822BFC8B20023122C /* Banksia */ = {
			isa = PBXNativeTarget;
			buildConfigurationList = B1E0A99022BFC8B20023122C /* Build configuration list for PBXNativeTarget "Banksia" */;
			buildPhases = (
				B1E0A98522BFC8B20023122C /* Sources */,
				B1E0A98622BFC8B20023122C /* Frameworks */,
				B1E0A98722BFC8B20023122C /* CopyFiles */,
			);
			buildRules = (
			);
			dependencies = (
			);
			name = Banksia;
			productName = Banksia;
			productReference = B1E0A98922BFC8B20023122C /* Banksia */;
			productType = "com.apple.product-type.tool";
		};
/* End PBXNativeTarget section */

/* Begin PBXProject section */
		B1E0A98122BFC8B20023122C /* Project object */ = {
			isa = PBXProject;
			attributes = {
				LastUpgradeCheck = 1020;
				ORGANIZATIONNAME = "Nguyen Pham";
				TargetAttributes = {
					B1E0A98822BFC8B20023122C = {
						CreatedOnToolsVersion = 10.2.1;
					};
				};
			};
			buildConfigurationList = B1E0A98422BFC8B20023122C /* Build configuration list for PBXProject "banksia" */;
			compatibilityVersion = "Xcode 9.3";
			developmentRegion = en;
			hasScannedForEncodings = 0;
			knownRegions = (
				en,
			);
			mainGroup = B1E0A98022BFC8B20023122C;
			productRefGroup = B1E0A98A22BFC8B20023122C /* Products */;
			projectDirPath = "";
			projectRoot = "";
			targets = (
				B1E0A98822BFC8B20023122C /* Banksia */,
			);
		};
/* End PBXProject section */

/* Begin PBXSourcesBuildPhase section */
		B1E0A98522BFC8B20023122C /* Sources */ = {
			isa = PBXSourcesBuildPhase;
			buildActionMask = 2147483647;
			files = (
				B1019E4722D61C7A002FA111 /* jsonmaker.cpp in Sources */,
				B1A7050622C62DE100013B1C /* tourmng.cpp in Sources */,
				B1A7051C22C84E4900013B1C /* process_unix.cpp in Sources */,
				B1A7050C22C62DE100013B1C /* engine.cpp in Sources */,
				B1A7050722C62DE100013B1C /* player.cpp in Sources */,
				B1A7053D22C9ADA400013B1C /* book.cpp in Sources */,
				B1A7051322C62DE100013B1C /* main.cpp in Sources */,
				B1A7050422C62DE100013B1C /* base.cpp in Sources */,
				B1A7050D22C62DE100013B1C /* game.cpp in Sources */,
				B1A7050822C62DE100013B1C /* uciengine.cpp in Sources */,
				B1B5FA9E22E369D700767119 /* engineprofile.cpp in Sources */,
				B1A7050A22C62DE100013B1C /* playermng.cpp in Sources */,
				B1A7050E22C62DE100013B1C /* time.cpp in Sources */,
				B1A7050322C62DE100013B1C /* chess.cpp in Sources */,
				B1F9B07722CBB26E005E1A3E /* wbengine.cpp in Sources */,
				B1A7051D22C84E4900013B1C /* process.cpp in Sources */,
				B1019E4A22D6A6F0002FA111 /* jsonengine.cpp in Sources */,
				B1A7050B22C62DE100013B1C /* configmng.cpp in Sources */,
				B1A7050522C62DE100013B1C /* comm.cpp in Sources */,
				B1A7050F22C62DE100013B1C /* jsoncpp.cpp in Sources */,
			);
			runOnlyForDeploymentPostprocessing = 0;
		};
/* End PBXSourcesBuildPhase section */

/* Begin XCBuildConfiguration section */
		B1E0A98E22BFC8B20023122C /* Debug */ = {
			isa = XCBuildConfiguration;
			buildSettings = {
				ALWAYS_SEARCH_USER_PATHS = NO;
				CLANG_ANALYZER_NONNULL = YES;
				CLANG_ANALYZER_NUMBER_OBJECT_CONVERSION = YES_AGGRESSIVE;
				CLANG_CXX_LANGUAGE_STANDARD = "gnu++14";
				CLANG_CXX_LIBRARY = "libc++";
				CLANG_ENABLE_MODULES = YES;
				CLANG_ENABLE_OBJC_ARC = YES;
				CLANG_ENABLE_OBJC_WEAK = YES;
				CLANG_WARN_BLOCK_CAPTURE_AUTORELEASING = YES;
				CLANG_WARN_BOOL_CONVERSION = YES;
				CLANG_WARN_COMMA = YES;
				CLANG_WARN_CONSTANT_CONVERSION = YES;
				CLANG_WARN_DEPRECATED_OBJC_IMPLEMENTATIONS = YES;
				CLANG_WARN_DIRECT_OBJC_ISA_USAGE = YES_ERROR;
				CLANG_WARN_DOCUMENTATION_COMMENTS = YES;
				CLANG_WARN_EMPTY_BODY = YES;
				CLANG_WARN_ENUM_CONVERSION = YES;
				CLANG_WARN_INFINITE_RECURSION = YES;
				CLANG_WARN_INT_CONVERSION = YES;
				CLANG_WARN_NON_LITERAL_NULL_CONVERSION = YES;
				CLANG_WARN_OBJC_IMPLICIT_RETAIN_SELF = YES;
				CLANG_WARN_OBJC_LITERAL_CONVERSION = YES;
				CLANG_WARN_OBJC_ROOT_CLASS = YES_ERROR;
				CLANG_WARN_RANGE_LOOP_ANALYSIS = YES;
				CLANG_WARN_STRICT_PROTOTYPES = YES;
				CLANG_WARN_SUSPICIOUS_MOVE = YES;
				CLANG_WARN_UNGUARDED_AVAILABILITY = YES_AGGRESSIVE;
				CLANG_WARN_UNREACHABLE_CODE = YES;
				CLANG_WARN__DUPLICATE_METHOD_MATCH = YES;
				CODE_SIGN_IDENTITY = "Mac Developer";
				COPY_PHASE_STRIP = NO;
				DEBUG_INFORMATION_FORMAT = dwarf;
				ENABLE_STRICT_OBJC_MSGSEND = YES;
				ENABLE_TESTABILITY = YES;
				GCC_C_LANGUAGE_STANDARD = gnu11;
				GCC_DYNAMIC_NO_PIC = NO;
				GCC_NO_COMMON_BLOCKS = YES;
				GCC_OPTIMIZATION_LEVEL = 0;
				GCC_PREPROCESSOR_DEFINITIONS = (
					"DEBUG=1",
					"$(inherited)",
				);
				GCC_WARN_64_TO_32_BIT_CONVERSION = YES;
				GCC_WARN_ABOUT_RETURN_TYPE = YES_ERROR;
				GCC_WARN_UNDECLARED_SELECTOR = YES;
				GCC_WARN_UNINITIALIZED_AUTOS = YES_AGGRESSIVE;
				GCC_WARN_UNUSED_FUNCTION = YES;
				GCC_WARN_UNUSED_VARIABLE = YES;
				MACOSX_DEPLOYMENT_TARGET = 10.14;
				MTL_ENABLE_DEBUG_INFO = INCLUDE_SOURCE;
				MTL_FAST_MATH = YES;
				ONLY_ACTIVE_ARCH = YES;
				SDKROOT = macosx;
			};
			name = Debug;
		};
		B1E0A98F22BFC8B20023122C /* Release */ = {
			isa = XCBuildConfiguration;
			buildSettings = {
				ALWAYS_SEARCH_USER_PATHS = NO;
				CLANG_ANALYZER_NONNULL = YES;
				CLANG_ANALYZER_NUMBER_OBJECT_CONVERSION = YES_AGGRESSIVE;
				CLANG_CXX_LANGUAGE_STANDARD = "gnu++14";
				CLANG_CXX_LIBRARY = "libc++";
				CLANG_ENABLE_MODULES = YES;
				CLANG_ENABLE_OBJC_ARC = YES;
				CLANG_ENABLE_OBJC_WEAK = YES;
				CLANG_WARN_BLOCK_CAPTURE_AUTORELEASING = YES;
				CLANG_WARN_BOOL_CONVERSION = YES;
				CLANG_WARN_COMMA = YES;
				CLANG_WARN_CONSTANT_CONVERSION = YES;
				CLANG_WARN_DEPRECATED_OBJC_IMPLEMENTATIONS = YES;
				CLANG_WARN_DIRECT_OBJC_ISA_USAGE = YES_ERROR;
				CLANG_WARN_DOCUMENTATION_COMMENTS = YES;
				CLANG_WARN_EMPTY_BODY = YES;
				CLANG_WARN_ENUM_CONVERSION = YES;
				CLANG_WARN_INFINITE_RECURSION = YES;
				CLANG_WARN_INT_CONVERSION = YES;
				CLANG_WARN_NON_LITERAL_NULL_CONVERSION = YES;
				CLANG_WARN_OBJC_IMPLICIT_RETAIN_SELF = YES;
				CLANG_WARN_OBJC_LITERAL_CONVERSION = YES;
				CLANG_WARN_OBJC_ROOT_CLASS = YES_ERROR;
				CLANG_WARN_RANGE_LOOP_ANALYSIS = YES;
				CLANG_WARN_STRICT_PROTOTYPES = YES;
				CLANG_WARN_SUSPICIOUS_MOVE = YES;
				CLANG_WARN_UNGUARDED_AVAILABILITY = YES_AGGRESSIVE;
				CLANG_WARN_UNREACHABLE_CODE = YES;
				CLANG_WARN__DUPLICATE_METHOD_MATCH = YES;
				CODE_SIGN_IDENTITY = "Mac Developer";
				COPY_PHASE_STRIP = NO;
				DEBUG_INFORMATION_FORMAT = "dwarf-with-dsym";
				ENABLE_NS_ASSERTIONS = NO;
				ENABLE_STRICT_OBJC_MSGSEND = YES;
				GCC_C_LANGUAGE_STANDARD = gnu11;
				GCC_NO_COMMON_BLOCKS = YES;
				GCC_WARN_64_TO_32_BIT_CONVERSION = YES;
				GCC_WARN_ABOUT_RETURN_TYPE = YES_ERROR;
				GCC_WARN_UNDECLARED_SELECTOR = YES;
				GCC_WARN_UNINITIALIZED_AUTOS = YES_AGGRESSIVE;
				GCC_WARN_UNUSED_FUNCTION = YES;
				GCC_WARN_UNUSED_VARIABLE = YES;
				MACOSX_DEPLOYMENT_TARGET = 10.14;
				MTL_ENABLE_DEBUG_INFO = NO;
				MTL_FAST_MATH = YES;
				SDKROOT = macosx;
			};
			name = Release;
		};
		B1E0A99122BFC8B20023122C /* Debug */ = {
			isa = XCBuildConfiguration;
			buildSettings = {
				CODE_SIGN_STYLE = Automatic;
				DEVELOPMENT_TEAM = 3FHDXJ5CB2;
				PRODUCT_NAME = "$(TARGET_NAME)";
			};
			name = Debug;
		};
		B1E0A99222BFC8B20023122C /* Release */ = {
			isa = XCBuildConfiguration;
			buildSettings = {
				CODE_SIGN_STYLE = Automatic;
				DEVELOPMENT_TEAM = 3FHDXJ5CB2;
				PRODUCT_NAME = "$(TARGET_NAME)";
			};
			name = Release;
		};
/* End XCBuildConfiguration section */

/* Begin XCConfigurationList section */
		B1E0A98422BFC8B20023122C /* Build configuration list for PBXProject "banksia" */ = {
			isa = XCConfigurationList;
			buildConfigurations = (
				B1E0A98E22BFC8B20023122C /* Debug */,
				B1E0A98F22BFC8B20023122C /* Release */,
			);
			defaultConfigurationIsVisible = 0;
			defaultConfigurationName = Release;
		};
		B1E0A99022BFC8B20023122C /* Build configuration list for PBXNativeTarget "Banksia" */ = {
			isa = XCConfigurationList;
			buildConfigurations = (
				B1E0A99122BFC8B20023122C /* Debug */,
				B1E0A99222BFC8B20023122C /* Release */,
			);
			defaultConfigurationIsVisible = 0;
			defaultConfigurationName = Release;
		};
/* End XCConfigurationList section */
	};
	rootObject = B1E0A98122BFC8B20023122C /* Project object */;
}
